
Microsoft Visual Studio Solution File, Format Version 12.00
# Visual Studio Version 17
VisualStudioVersion = 17.5.002.0
MinimumVisualStudioVersion = 10.0.40219.1
Project("{2150E333-8FDC-42A3-9474-1A3956D46DE8}") = "uppgift", "uppgift", "{B3DBD4DC-40F5-4127-9E0F-A959B8D694E0}"
EndProject
Project("{9A19103F-16F7-4668-BE54-9A1E7A4F7556}") = "MyXUnitTestProject", "uppgift\MyXUnitTestProject\MyXUnitTestProject.csproj", "{DC8145B1-47B1-4093-ABDD-5D174B5536C1}"
EndProject
Global
	GlobalSection(SolutionConfigurationPlatforms) = preSolution
		Debug|Any CPU = Debug|Any CPU
		Release|Any CPU = Release|Any CPU
	EndGlobalSection
	GlobalSection(ProjectConfigurationPlatforms) = postSolution
		{DC8145B1-47B1-4093-ABDD-5D174B5536C1}.Debug|Any CPU.ActiveCfg = Debug|Any CPU
		{DC8145B1-47B1-4093-ABDD-5D174B5536C1}.Debug|Any CPU.Build.0 = Debug|Any CPU
		{DC8145B1-47B1-4093-ABDD-5D174B5536C1}.Release|Any CPU.ActiveCfg = Release|Any CPU
		{DC8145B1-47B1-4093-ABDD-5D174B5536C1}.Release|Any CPU.Build.0 = Release|Any CPU
	EndGlobalSection
	GlobalSection(SolutionProperties) = preSolution
		HideSolutionNode = FALSE
	EndGlobalSection
	GlobalSection(NestedProjects) = preSolution
		{DC8145B1-47B1-4093-ABDD-5D174B5536C1} = {B3DBD4DC-40F5-4127-9E0F-A959B8D694E0}
	EndGlobalSection
	GlobalSection(ExtensibilityGlobals) = postSolution
		SolutionGuid = {DD42E1C8-398D-4E6F-A75E-1F7AE65FD825}
	EndGlobalSection
EndGlobal
